
Microsoft Visual Studio Solution File, Format Version 12.00
# Visual Studio Version 17
VisualStudioVersion = 17.8.34316.72
MinimumVisualStudioVersion = 10.0.40219.1
Project("{FAE04EC0-301F-11D3-BF4B-00C04F79EFBC}") = "ChatBot_API", "ChatBot_API.csproj", "{4D71171A-9179-4EAE-8850-E10D271C4F42}"
EndProject
Global
	GlobalSection(SolutionConfigurationPlatforms) = preSolution
		Debug|Any CPU = Debug|Any CPU
		Release|Any CPU = Release|Any CPU
	EndGlobalSection
	GlobalSection(ProjectConfigurationPlatforms) = postSolution
		{4D71171A-9179-4EAE-8850-E10D271C4F42}.Debug|Any CPU.ActiveCfg = Debug|Any CPU
		{4D71171A-9179-4EAE-8850-E10D271C4F42}.Debug|Any CPU.Build.0 = Debug|Any CPU
		{4D71171A-9179-4EAE-8850-E10D271C4F42}.Release|Any CPU.ActiveCfg = Release|Any CPU
		{4D71171A-9179-4EAE-8850-E10D271C4F42}.Release|Any CPU.Build.0 = Release|Any CPU
	EndGlobalSection
	GlobalSection(SolutionProperties) = preSolution
		HideSolutionNode = FALSE
	EndGlobalSection
	GlobalSection(ExtensibilityGlobals) = postSolution
		SolutionGuid = {97B4C005-27CF-4EFC-9498-1F0AEBFED8DA}
	EndGlobalSection
EndGlobal
